
Microsoft Visual Studio Solution File, Format Version 12.00
# Visual Studio Version 17
VisualStudioVersion = 17.11.35327.3
MinimumVisualStudioVersion = 10.0.40219.1
Project("{8BC9CEB8-8B4A-11D0-8D11-00A0C91BC942}") = "Cpp task", "Cpp task\Cpp task.vcxproj", "{BF9217C5-547A-4716-B95D-514F90B8704B}"
EndProject
Global
	GlobalSection(SolutionConfigurationPlatforms) = preSolution
		Debug|x64 = Debug|x64
		Debug|x86 = Debug|x86
		Release|x64 = Release|x64
		Release|x86 = Release|x86
	EndGlobalSection
	GlobalSection(ProjectConfigurationPlatforms) = postSolution
		{BF9217C5-547A-4716-B95D-514F90B8704B}.Debug|x64.ActiveCfg = Debug|x64
		{BF9217C5-547A-4716-B95D-514F90B8704B}.Debug|x64.Build.0 = Debug|x64
		{BF9217C5-547A-4716-B95D-514F90B8704B}.Debug|x86.ActiveCfg = Debug|Win32
		{BF9217C5-547A-4716-B95D-514F90B8704B}.Debug|x86.Build.0 = Debug|Win32
		{BF9217C5-547A-4716-B95D-514F90B8704B}.Release|x64.ActiveCfg = Release|x64
		{BF9217C5-547A-4716-B95D-514F90B8704B}.Release|x64.Build.0 = Release|x64
		{BF9217C5-547A-4716-B95D-514F90B8704B}.Release|x86.ActiveCfg = Release|Win32
		{BF9217C5-547A-4716-B95D-514F90B8704B}.Release|x86.Build.0 = Release|Win32
	EndGlobalSection
	GlobalSection(SolutionProperties) = preSolution
		HideSolutionNode = FALSE
	EndGlobalSection
	GlobalSection(ExtensibilityGlobals) = postSolution
		SolutionGuid = {E972669A-3C4E-4571-A0AF-32D98E3A8589}
	EndGlobalSection
EndGlobal
